
Microsoft Visual Studio Solution File, Format Version 12.00
# Visual Studio 15
VisualStudioVersion = 15.0.28010.2050
MinimumVisualStudioVersion = 10.0.40219.1
Project("{FAE04EC0-301F-11D3-BF4B-00C04F79EFBC}") = "SimpleSearchProgram", "SimpleSearchProgram\SimpleSearchProgram.csproj", "{D20282B3-F9F3-4205-B57F-B78A73222202}"
EndProject
Global
	GlobalSection(SolutionConfigurationPlatforms) = preSolution
		Debug|Any CPU = Debug|Any CPU
		Release|Any CPU = Release|Any CPU
	EndGlobalSection
	GlobalSection(ProjectConfigurationPlatforms) = postSolution
		{D20282B3-F9F3-4205-B57F-B78A73222202}.Debug|Any CPU.ActiveCfg = Debug|Any CPU
		{D20282B3-F9F3-4205-B57F-B78A73222202}.Debug|Any CPU.Build.0 = Debug|Any CPU
		{D20282B3-F9F3-4205-B57F-B78A73222202}.Release|Any CPU.ActiveCfg = Release|Any CPU
		{D20282B3-F9F3-4205-B57F-B78A73222202}.Release|Any CPU.Build.0 = Release|Any CPU
	EndGlobalSection
	GlobalSection(SolutionProperties) = preSolution
		HideSolutionNode = FALSE
	EndGlobalSection
	GlobalSection(ExtensibilityGlobals) = postSolution
		SolutionGuid = {7CC7AB1A-10E4-4EB3-B9BE-D7EECE0389A0}
	EndGlobalSection
EndGlobal
